
Microsoft Visual Studio Solution File, Format Version 12.00
# Visual Studio Version 16
VisualStudioVersion = 16.0.32002.261
MinimumVisualStudioVersion = 10.0.40219.1
Project("{FAE04EC0-301F-11D3-BF4B-00C04F79EFBC}") = "TemplateMethod", "TemplateMethod\TemplateMethod.csproj", "{607B6B1F-9715-4506-9513-A9643D65FB64}"
EndProject
Global
	GlobalSection(SolutionConfigurationPlatforms) = preSolution
		Debug|Any CPU = Debug|Any CPU
		Release|Any CPU = Release|Any CPU
	EndGlobalSection
	GlobalSection(ProjectConfigurationPlatforms) = postSolution
		{607B6B1F-9715-4506-9513-A9643D65FB64}.Debug|Any CPU.ActiveCfg = Debug|Any CPU
		{607B6B1F-9715-4506-9513-A9643D65FB64}.Debug|Any CPU.Build.0 = Debug|Any CPU
		{607B6B1F-9715-4506-9513-A9643D65FB64}.Release|Any CPU.ActiveCfg = Release|Any CPU
		{607B6B1F-9715-4506-9513-A9643D65FB64}.Release|Any CPU.Build.0 = Release|Any CPU
	EndGlobalSection
	GlobalSection(SolutionProperties) = preSolution
		HideSolutionNode = FALSE
	EndGlobalSection
	GlobalSection(ExtensibilityGlobals) = postSolution
		SolutionGuid = {9FFDBB41-3FFF-4EEC-9243-29B54C10B3F7}
	EndGlobalSection
EndGlobal
